
Microsoft Visual Studio Solution File, Format Version 12.00
# Visual Studio Version 17
VisualStudioVersion = 17.9.34310.174
MinimumVisualStudioVersion = 10.0.40219.1
Project("{FAE04EC0-301F-11D3-BF4B-00C04F79EFBC}") = "BlazorWasm.MyanmarMonth", "BlazorWasm.MyanmarMonth\BlazorWasm.MyanmarMonth.csproj", "{BD77E7EE-8E37-48D0-BD23-52D5126E047E}"
EndProject
Global
	GlobalSection(SolutionConfigurationPlatforms) = preSolution
		Debug|Any CPU = Debug|Any CPU
		Release|Any CPU = Release|Any CPU
	EndGlobalSection
	GlobalSection(ProjectConfigurationPlatforms) = postSolution
		{BD77E7EE-8E37-48D0-BD23-52D5126E047E}.Debug|Any CPU.ActiveCfg = Debug|Any CPU
		{BD77E7EE-8E37-48D0-BD23-52D5126E047E}.Debug|Any CPU.Build.0 = Debug|Any CPU
		{BD77E7EE-8E37-48D0-BD23-52D5126E047E}.Release|Any CPU.ActiveCfg = Release|Any CPU
		{BD77E7EE-8E37-48D0-BD23-52D5126E047E}.Release|Any CPU.Build.0 = Release|Any CPU
	EndGlobalSection
	GlobalSection(SolutionProperties) = preSolution
		HideSolutionNode = FALSE
	EndGlobalSection
	GlobalSection(ExtensibilityGlobals) = postSolution
		SolutionGuid = {1A0C0EB7-A2AB-4AAD-ADD1-CCECFE6F04C2}
	EndGlobalSection
EndGlobal
